// !$*UTF8*$!
{
	archiveVersion = 1;
	classes = {
	};
	objectVersion = 46;
	objects = {

/* Begin PBXBuildFile section */
		F4BFB8691F037EFD002A2DC8 /* AppDelegate.swift in Sources */ = {isa = PBXBuildFile; fileRef = F4BFB8681F037EFD002A2DC8 /* AppDelegate.swift */; };
		F4BFB86E1F037EFD002A2DC8 /* Main.storyboard in Resources */ = {isa = PBXBuildFile; fileRef = F4BFB86C1F037EFD002A2DC8 /* Main.storyboard */; };
		F4BFB8731F037EFD002A2DC8 /* LaunchScreen.storyboard in Resources */ = {isa = PBXBuildFile; fileRef = F4BFB8711F037EFD002A2DC8 /* LaunchScreen.storyboard */; };
		F4BFB87B1F03813F002A2DC8 /* assets.xcassets in Resources */ = {isa = PBXBuildFile; fileRef = F4BFB87A1F03813F002A2DC8 /* assets.xcassets */; };
/* End PBXBuildFile section */

/* Begin PBXFileReference section */
		F4BFB8651F037EFD002A2DC8 /* LetEat.app */ = {isa = PBXFileReference; explicitFileType = wrapper.application; includeInIndex = 0; path = LetEat.app; sourceTree = BUILT_PRODUCTS_DIR; };
		F4BFB8681F037EFD002A2DC8 /* AppDelegate.swift */ = {isa = PBXFileReference; lastKnownFileType = sourcecode.swift; path = AppDelegate.swift; sourceTree = "<group>"; };
		F4BFB86D1F037EFD002A2DC8 /* Base */ = {isa = PBXFileReference; lastKnownFileType = file.storyboard; name = Base; path = Base.lproj/Main.storyboard; sourceTree = "<group>"; };
		F4BFB8721F037EFD002A2DC8 /* Base */ = {isa = PBXFileReference; lastKnownFileType = file.storyboard; name = Base; path = Base.lproj/LaunchScreen.storyboard; sourceTree = "<group>"; };
		F4BFB8741F037EFD002A2DC8 /* Info.plist */ = {isa = PBXFileReference; lastKnownFileType = text.plist.xml; path = Info.plist; sourceTree = "<group>"; };
		F4BFB87A1F03813F002A2DC8 /* assets.xcassets */ = {isa = PBXFileReference; lastKnownFileType = folder.assetcatalog; path = assets.xcassets; sourceTree = "<group>"; };
/* End PBXFileReference section */

/* Begin PBXFrameworksBuildPhase section */
		F4BFB8621F037EFD002A2DC8 /* Frameworks */ = {
			isa = PBXFrameworksBuildPhase;
			buildActionMask = 2147483647;
			files = (
			);
			runOnlyForDeploymentPostprocessing = 0;
		};
/* End PBXFrameworksBuildPhase section */

/* Begin PBXGroup section */
		F4BFB85C1F037EFD002A2DC8 = {
			isa = PBXGroup;
			children = (
				F4BFB8671F037EFD002A2DC8 /* LetEat */,
				F4BFB8661F037EFD002A2DC8 /* Products */,
			);
			sourceTree = "<group>";
		};
		F4BFB8661F037EFD002A2DC8 /* Products */ = {
			isa = PBXGroup;
			children = (
				F4BFB8651F037EFD002A2DC8 /* LetEat.app */,
			);
			name = Products;
			sourceTree = "<group>";
		};
		F4BFB8671F037EFD002A2DC8 /* LetEat */ = {
			isa = PBXGroup;
			children = (
				F4BFB8681F037EFD002A2DC8 /* AppDelegate.swift */,
				F4BFB86C1F037EFD002A2DC8 /* Main.storyboard */,
				F4BFB87A1F03813F002A2DC8 /* assets.xcassets */,
				F4BFB8711F037EFD002A2DC8 /* LaunchScreen.storyboard */,
				F4BFB8741F037EFD002A2DC8 /* Info.plist */,
			);
			path = LetEat;
			sourceTree = "<group>";
		};
/* End PBXGroup section */

/* Begin PBXNativeTarget section */
		F4BFB8641F037EFD002A2DC8 /* LetEat */ = {
			isa = PBXNativeTarget;
			buildConfigurationList = F4BFB8771F037EFD002A2DC8 /* Build configuration list for PBXNativeTarget "LetEat" */;
			buildPhases = (
				F4BFB8611F037EFD002A2DC8 /* Sources */,
				F4BFB8621F037EFD002A2DC8 /* Frameworks */,
				F4BFB8631F037EFD002A2DC8 /* Resources */,
			);
			buildRules = (
			);
			dependencies = (
			);
			name = LetEat;
			productName = LetEat;
			productReference = F4BFB8651F037EFD002A2DC8 /* LetEat.app */;
			productType = "com.apple.product-type.application";
		};
/* End PBXNativeTarget section */

/* Begin PBXProject section */
		F4BFB85D1F037EFD002A2DC8 /* Project object */ = {
			isa = PBXProject;
			attributes = {
				LastSwiftUpdateCheck = 0830;
				LastUpgradeCheck = 0830;
				ORGANIZATIONNAME = "Spark Technology Inc.";
				TargetAttributes = {
					F4BFB8641F037EFD002A2DC8 = {
						CreatedOnToolsVersion = 8.3.3;
						DevelopmentTeam = 3VE476H8XH;
						ProvisioningStyle = Automatic;
					};
				};
			};
			buildConfigurationList = F4BFB8601F037EFD002A2DC8 /* Build configuration list for PBXProject "LetEat" */;
			compatibilityVersion = "Xcode 3.2";
			developmentRegion = English;
			hasScannedForEncodings = 0;
			knownRegions = (
				en,
				Base,
			);
			mainGroup = F4BFB85C1F037EFD002A2DC8;
			productRefGroup = F4BFB8661F037EFD002A2DC8 /* Products */;
			projectDirPath = "";
			projectRoot = "";
			targets = (
				F4BFB8641F037EFD002A2DC8 /* LetEat */,
			);
		};
/* End PBXProject section */

/* Begin PBXResourcesBuildPhase section */
		F4BFB8631F037EFD002A2DC8 /* Resources */ = {
			isa = PBXResourcesBuildPhase;
			buildActionMask = 2147483647;
			files = (
				F4BFB8731F037EFD002A2DC8 /* LaunchScreen.storyboard in Resources */,
				F4BFB86E1F037EFD002A2DC8 /* Main.storyboard in Resources */,
				F4BFB87B1F03813F002A2DC8 /* assets.xcassets in Resources */,
			);
			runOnlyForDeploymentPostprocessing = 0;
		};
/* End PBXResourcesBuildPhase section */

/* Begin PBXSourcesBuildPhase section */
		F4BFB8611F037EFD002A2DC8 /* Sources */ = {
			isa = PBXSourcesBuildPhase;
			buildActionMask = 2147483647;
			files = (
				F4BFB8691F037EFD002A2DC8 /* AppDelegate.swift in Sources */,
			);
			runOnlyForDeploymentPostprocessing = 0;
		};
/* End PBXSourcesBuildPhase section */

/* Begin PBXVariantGroup section */
		F4BFB86C1F037EFD002A2DC8 /* Main.storyboard */ = {
			isa = PBXVariantGroup;
			children = (
				F4BFB86D1F037EFD002A2DC8 /* Base */,
			);
			name = Main.storyboard;
			sourceTree = "<group>";
		};
		F4BFB8711F037EFD002A2DC8 /* LaunchScreen.storyboard */ = {
			isa = PBXVariantGroup;
			children = (
				F4BFB8721F037EFD002A2DC8 /* Base */,
			);
			name = LaunchScreen.storyboard;
			sourceTree = "<group>";
		};
/* End PBXVariantGroup section */

/* Begin XCBuildConfiguration section */
		F4BFB8751F037EFD002A2DC8 /* Debug */ = {
			isa = XCBuildConfiguration;
			buildSettings = {
				ALWAYS_SEARCH_USER_PATHS = NO;
				CLANG_ANALYZER_NONNULL = YES;
				CLANG_ANALYZER_NUMBER_OBJECT_CONVERSION = YES_AGGRESSIVE;
				CLANG_CXX_LANGUAGE_STANDARD = "gnu++0x";
				CLANG_CXX_LIBRARY = "libc++";
				CLANG_ENABLE_MODULES = YES;
				CLANG_ENABLE_OBJC_ARC = YES;
				CLANG_WARN_BOOL_CONVERSION = YES;
				CLANG_WARN_CONSTANT_CONVERSION = YES;
				CLANG_WARN_DIRECT_OBJC_ISA_USAGE = YES_ERROR;
				CLANG_WARN_DOCUMENTATION_COMMENTS = YES;
				CLANG_WARN_EMPTY_BODY = YES;
				CLANG_WARN_ENUM_CONVERSION = YES;
				CLANG_WARN_INFINITE_RECURSION = YES;
				CLANG_WARN_INT_CONVERSION = YES;
				CLANG_WARN_OBJC_ROOT_CLASS = YES_ERROR;
				CLANG_WARN_SUSPICIOUS_MOVE = YES;
				CLANG_WARN_UNREACHABLE_CODE = YES;
				CLANG_WARN__DUPLICATE_METHOD_MATCH = YES;
				"CODE_SIGN_IDENTITY[sdk=iphoneos*]" = "iPhone Developer";
				COPY_PHASE_STRIP = NO;
				DEBUG_INFORMATION_FORMAT = dwarf;
				ENABLE_STRICT_OBJC_MSGSEND = YES;
				ENABLE_TESTABILITY = YES;
				GCC_C_LANGUAGE_STANDARD = gnu99;
				GCC_DYNAMIC_NO_PIC = NO;
				GCC_NO_COMMON_BLOCKS = YES;
				GCC_OPTIMIZATION_LEVEL = 0;
				GCC_PREPROCESSOR_DEFINITIONS = (
					"DEBUG=1",
					"$(inherited)",
				);
				GCC_WARN_64_TO_32_BIT_CONVERSION = YES;
				GCC_WARN_ABOUT_RETURN_TYPE = YES_ERROR;
				GCC_WARN_UNDECLARED_SELECTOR = YES;
				GCC_WARN_UNINITIALIZED_AUTOS = YES_AGGRESSIVE;
				GCC_WARN_UNUSED_FUNCTION = YES;
				GCC_WARN_UNUSED_VARIABLE = YES;
				IPHONEOS_DEPLOYMENT_TARGET = 10.3;
				MTL_ENABLE_DEBUG_INFO = YES;
				ONLY_ACTIVE_ARCH = YES;
				SDKROOT = iphoneos;
				SWIFT_ACTIVE_COMPILATION_CONDITIONS = DEBUG;
				SWIFT_OPTIMIZATION_LEVEL = "-Onone";
			};
			name = Debug;
		};
		F4BFB8761F037EFD002A2DC8 /* Release */ = {
			isa = XCBuildConfiguration;
			buildSettings = {
				ALWAYS_SEARCH_USER_PATHS = NO;
				CLANG_ANALYZER_NONNULL = YES;
				CLANG_ANALYZER_NUMBER_OBJECT_CONVERSION = YES_AGGRESSIVE;
				CLANG_CXX_LANGUAGE_STANDARD = "gnu++0x";
				CLANG_CXX_LIBRARY = "libc++";
				CLANG_ENABLE_MODULES = YES;
				CLANG_ENABLE_OBJC_ARC = YES;
				CLANG_WARN_BOOL_CONVERSION = YES;
				CLANG_WARN_CONSTANT_CONVERSION = YES;
				CLANG_WARN_DIRECT_OBJC_ISA_USAGE = YES_ERROR;
				CLANG_WARN_DOCUMENTATION_COMMENTS = YES;
				CLANG_WARN_EMPTY_BODY = YES;
				CLANG_WARN_ENUM_CONVERSION = YES;
				CLANG_WARN_INFINITE_RECURSION = YES;
				CLANG_WARN_INT_CONVERSION = YES;
				CLANG_WARN_OBJC_ROOT_CLASS = YES_ERROR;
				CLANG_WARN_SUSPICIOUS_MOVE = YES;
				CLANG_WARN_UNREACHABLE_CODE = YES;
				CLANG_WARN__DUPLICATE_METHOD_MATCH = YES;
				"CODE_SIGN_IDENTITY[sdk=iphoneos*]" = "iPhone Developer";
				COPY_PHASE_STRIP = NO;
				DEBUG_INFORMATION_FORMAT = "dwarf-with-dsym";
				ENABLE_NS_ASSERTIONS = NO;
				ENABLE_STRICT_OBJC_MSGSEND = YES;
				GCC_C_LANGUAGE_STANDARD = gnu99;
				GCC_NO_COMMON_BLOCKS = YES;
				GCC_WARN_64_TO_32_BIT_CONVERSION = YES;
				GCC_WARN_ABOUT_RETURN_TYPE = YES_ERROR;
				GCC_WARN_UNDECLARED_SELECTOR = YES;
				GCC_WARN_UNINITIALIZED_AUTOS = YES_AGGRESSIVE;
				GCC_WARN_UNUSED_FUNCTION = YES;
				GCC_WARN_UNUSED_VARIABLE = YES;
				IPHONEOS_DEPLOYMENT_TARGET = 10.3;
				MTL_ENABLE_DEBUG_INFO = NO;
				SDKROOT = iphoneos;
				SWIFT_OPTIMIZATION_LEVEL = "-Owholemodule";
				VALIDATE_PRODUCT = YES;
			};
			name = Release;
		};
		F4BFB8781F037EFD002A2DC8 /* Debug */ = {
			isa = XCBuildConfiguration;
			buildSettings = {
				ASSETCATALOG_COMPILER_APPICON_NAME = AppIcon;
				DEVELOPMENT_TEAM = 3VE476H8XH;
				INFOPLIST_FILE = LetEat/Info.plist;
				IPHONEOS_DEPLOYMENT_TARGET = 9.0;
				LD_RUNPATH_SEARCH_PATHS = "$(inherited) @executable_path/Frameworks";
				PRODUCT_BUNDLE_IDENTIFIER = com.spk.LetEat;
				PRODUCT_NAME = "$(TARGET_NAME)";
				SWIFT_VERSION = 3.0;
			};
			name = Debug;
		};
		F4BFB8791F037EFD002A2DC8 /* Release */ = {
			isa = XCBuildConfiguration;
			buildSettings = {
				ASSETCATALOG_COMPILER_APPICON_NAME = AppIcon;
				DEVELOPMENT_TEAM = 3VE476H8XH;
				INFOPLIST_FILE = LetEat/Info.plist;
				IPHONEOS_DEPLOYMENT_TARGET = 9.0;
				LD_RUNPATH_SEARCH_PATHS = "$(inherited) @executable_path/Frameworks";
				PRODUCT_BUNDLE_IDENTIFIER = com.spk.LetEat;
				PRODUCT_NAME = "$(TARGET_NAME)";
				SWIFT_VERSION = 3.0;
			};
			name = Release;
		};
/* End XCBuildConfiguration section */

/* Begin XCConfigurationList section */
		F4BFB8601F037EFD002A2DC8 /* Build configuration list for PBXProject "LetEat" */ = {
			isa = XCConfigurationList;
			buildConfigurations = (
				F4BFB8751F037EFD002A2DC8 /* Debug */,
				F4BFB8761F037EFD002A2DC8 /* Release */,
			);
			defaultConfigurationIsVisible = 0;
			defaultConfigurationName = Release;
		};
		F4BFB8771F037EFD002A2DC8 /* Build configuration list for PBXNativeTarget "LetEat" */ = {
			isa = XCConfigurationList;
			buildConfigurations = (
				F4BFB8781F037EFD002A2DC8 /* Debug */,
				F4BFB8791F037EFD002A2DC8 /* Release */,
			);
			defaultConfigurationIsVisible = 0;
			defaultConfigurationName = Release;
		};
/* End XCConfigurationList section */
	};
	rootObject = F4BFB85D1F037EFD002A2DC8 /* Project object */;
}
